{
  "name": "J-Initiative-Web-Scraper",
  "lockfileVersion": 3,
  "requires": true,
  "packages": {
    "": {
      "dependencies": {
        "electron-log": "^5.2.0"
      }
    },
    "node_modules/electron-log": {
      "version": "5.2.0",
      "resolved": "https://registry.npmjs.org/electron-log/-/electron-log-5.2.0.tgz",
      "integrity": "sha512-VjLkvaLmbP3AOGOh5Fob9M8bFU0mmeSAb5G2EoTBx+kQLf2XA/0byzjsVGBTHhikbT+m1AB27NEQUv9wX9nM8w==",
      "license": "MIT",
      "engines": {
        "node": ">= 14"
      }
    }
  }
}
